
Microsoft Visual Studio Solution File, Format Version 12.00
# Visual Studio Version 16
VisualStudioVersion = 16.0.31515.178
MinimumVisualStudioVersion = 10.0.40219.1
Project("{FAE04EC0-301F-11D3-BF4B-00C04F79EFBC}") = "lesson3.2", "lesson3.2\lesson3.2.csproj", "{EA4C6AE7-27FA-497B-9CFF-B5DB789DEEDC}"
EndProject
Global
	GlobalSection(SolutionConfigurationPlatforms) = preSolution
		Debug|Any CPU = Debug|Any CPU
		Release|Any CPU = Release|Any CPU
	EndGlobalSection
	GlobalSection(ProjectConfigurationPlatforms) = postSolution
		{EA4C6AE7-27FA-497B-9CFF-B5DB789DEEDC}.Debug|Any CPU.ActiveCfg = Debug|Any CPU
		{EA4C6AE7-27FA-497B-9CFF-B5DB789DEEDC}.Debug|Any CPU.Build.0 = Debug|Any CPU
		{EA4C6AE7-27FA-497B-9CFF-B5DB789DEEDC}.Release|Any CPU.ActiveCfg = Release|Any CPU
		{EA4C6AE7-27FA-497B-9CFF-B5DB789DEEDC}.Release|Any CPU.Build.0 = Release|Any CPU
	EndGlobalSection
	GlobalSection(SolutionProperties) = preSolution
		HideSolutionNode = FALSE
	EndGlobalSection
	GlobalSection(ExtensibilityGlobals) = postSolution
		SolutionGuid = {47D5EE13-4858-44A7-AB73-EC1DA7E25798}
	EndGlobalSection
EndGlobal
