
Microsoft Visual Studio Solution File, Format Version 12.00
# Visual Studio Version 16
VisualStudioVersion = 16.0.31515.178
MinimumVisualStudioVersion = 10.0.40219.1
Project("{FAE04EC0-301F-11D3-BF4B-00C04F79EFBC}") = "lesson3_3", "lesson3_3\lesson3_3.csproj", "{C8B3B9FE-5389-4ABD-AB65-F7DBFFCDC39F}"
EndProject
Global
	GlobalSection(SolutionConfigurationPlatforms) = preSolution
		Debug|Any CPU = Debug|Any CPU
		Release|Any CPU = Release|Any CPU
	EndGlobalSection
	GlobalSection(ProjectConfigurationPlatforms) = postSolution
		{C8B3B9FE-5389-4ABD-AB65-F7DBFFCDC39F}.Debug|Any CPU.ActiveCfg = Debug|Any CPU
		{C8B3B9FE-5389-4ABD-AB65-F7DBFFCDC39F}.Debug|Any CPU.Build.0 = Debug|Any CPU
		{C8B3B9FE-5389-4ABD-AB65-F7DBFFCDC39F}.Release|Any CPU.ActiveCfg = Release|Any CPU
		{C8B3B9FE-5389-4ABD-AB65-F7DBFFCDC39F}.Release|Any CPU.Build.0 = Release|Any CPU
	EndGlobalSection
	GlobalSection(SolutionProperties) = preSolution
		HideSolutionNode = FALSE
	EndGlobalSection
	GlobalSection(ExtensibilityGlobals) = postSolution
		SolutionGuid = {DAFC0503-C8A6-400D-A2D3-C84F4B259CD7}
	EndGlobalSection
EndGlobal
