
Microsoft Visual Studio Solution File, Format Version 12.00
# Visual Studio Version 16
VisualStudioVersion = 16.0.31515.178
MinimumVisualStudioVersion = 10.0.40219.1
Project("{FAE04EC0-301F-11D3-BF4B-00C04F79EFBC}") = "lesson6", "lesson6\lesson6.csproj", "{DAB8717F-ED1B-4941-AC31-C9DCD6F56BE1}"
EndProject
Global
	GlobalSection(SolutionConfigurationPlatforms) = preSolution
		Debug|Any CPU = Debug|Any CPU
		Release|Any CPU = Release|Any CPU
	EndGlobalSection
	GlobalSection(ProjectConfigurationPlatforms) = postSolution
		{DAB8717F-ED1B-4941-AC31-C9DCD6F56BE1}.Debug|Any CPU.ActiveCfg = Debug|Any CPU
		{DAB8717F-ED1B-4941-AC31-C9DCD6F56BE1}.Debug|Any CPU.Build.0 = Debug|Any CPU
		{DAB8717F-ED1B-4941-AC31-C9DCD6F56BE1}.Release|Any CPU.ActiveCfg = Release|Any CPU
		{DAB8717F-ED1B-4941-AC31-C9DCD6F56BE1}.Release|Any CPU.Build.0 = Release|Any CPU
	EndGlobalSection
	GlobalSection(SolutionProperties) = preSolution
		HideSolutionNode = FALSE
	EndGlobalSection
	GlobalSection(ExtensibilityGlobals) = postSolution
		SolutionGuid = {FC859204-CC8B-4D1F-BF58-C11B6D30A15C}
	EndGlobalSection
EndGlobal
